<?xml version="1.0" encoding="utf-8"?>
<Project ToolsVersion="4.0" xmlns="http://schemas.microsoft.com/developer/msbuild/2003">
  <ItemGroup>
    <Filter Include="ソース ファイル">
      <UniqueIdentifier>{4FC737F1-C7A5-4376-A066-2A32D752A2FF}</UniqueIdentifier>
      <Extensions>cpp;c;cc;cxx;c++;cppm;ixx;def;odl;idl;hpj;bat;asm;asmx</Extensions>
    </Filter>
    <Filter Include="ヘッダー ファイル">
      <UniqueIdentifier>{93995380-89BD-4b04-88EB-625FBE52EBFB}</UniqueIdentifier>
      <Extensions>h;hh;hpp;hxx;h++;hm;inl;inc;ipp;xsd</Extensions>
    </Filter>
    <Filter Include="ヘッダー ファイル\Lib">
      <UniqueIdentifier>{3b102669-3262-49d1-a102-68feea9ff7ed}</UniqueIdentifier>
    </Filter>
    <Filter Include="ソース ファイル\Lib">
      <UniqueIdentifier>{e9759d3f-5fa8-469b-bdcd-7672529003fd}</UniqueIdentifier>
    </Filter>
    <Filter Include="ソース ファイル\Game">
      <UniqueIdentifier>{4849cab3-de74-4abb-a758-432acb50c7a2}</UniqueIdentifier>
    </Filter>
    <Filter Include="ヘッダー ファイル\Game">
      <UniqueIdentifier>{95872451-33c5-4932-8afd-538a3fc4386b}</UniqueIdentifier>
    </Filter>
    <Filter Include="ソース ファイル\Game\Camera">
      <UniqueIdentifier>{bfbfdd83-f84f-42f2-b3bb-8d5c0b38def1}</UniqueIdentifier>
    </Filter>
    <Filter Include="ソース ファイル\Game\HitCheck">
      <UniqueIdentifier>{0aaca33e-3ae1-4bb8-b10f-bef72441554f}</UniqueIdentifier>
    </Filter>
    <Filter Include="ソース ファイル\Game\Manager">
      <UniqueIdentifier>{de367e76-7648-4edd-9122-b21117120f46}</UniqueIdentifier>
    </Filter>
    <Filter Include="ソース ファイル\Game\Result">
      <UniqueIdentifier>{07a159c6-e2c8-4ab4-bb19-b6117377af06}</UniqueIdentifier>
    </Filter>
    <Filter Include="ソース ファイル\Game\Scene">
      <UniqueIdentifier>{cd97dfbc-3a95-4418-828d-e31fd5d129b9}</UniqueIdentifier>
    </Filter>
    <Filter Include="ソース ファイル\Game\Sound">
      <UniqueIdentifier>{809bfc63-b815-41e8-9ad8-6c399c3f0856}</UniqueIdentifier>
    </Filter>
    <Filter Include="ソース ファイル\Game\Title">
      <UniqueIdentifier>{360da3a1-a118-4a5d-920f-1781c18e5dfe}</UniqueIdentifier>
    </Filter>
    <Filter Include="ヘッダー ファイル\Game\Bace">
      <UniqueIdentifier>{fa6955cf-6ee4-4737-a617-d9e6adbf7c86}</UniqueIdentifier>
    </Filter>
    <Filter Include="ヘッダー ファイル\Game\Camera">
      <UniqueIdentifier>{eba1d657-eb31-421f-890d-333b1c7d2ac6}</UniqueIdentifier>
    </Filter>
    <Filter Include="ヘッダー ファイル\Game\HitCheck">
      <UniqueIdentifier>{f609831e-7fe8-4d7c-bb5a-44e9e171dff5}</UniqueIdentifier>
    </Filter>
    <Filter Include="ヘッダー ファイル\Game\Manager">
      <UniqueIdentifier>{c08fd21f-399e-472c-b7be-db095f22f98b}</UniqueIdentifier>
    </Filter>
    <Filter Include="ヘッダー ファイル\Game\Result">
      <UniqueIdentifier>{62f39a25-fd67-4f1f-8258-713e409b79c9}</UniqueIdentifier>
    </Filter>
    <Filter Include="ヘッダー ファイル\Game\Scene">
      <UniqueIdentifier>{bef0580d-ed01-4851-aa6d-52d31bad6a81}</UniqueIdentifier>
    </Filter>
    <Filter Include="ヘッダー ファイル\Game\Sound">
      <UniqueIdentifier>{18843195-dcce-4ac7-b725-79f09266e4ac}</UniqueIdentifier>
    </Filter>
    <Filter Include="ヘッダー ファイル\Game\Title">
      <UniqueIdentifier>{4b5307ab-792d-454f-8b85-1a77280440ea}</UniqueIdentifier>
    </Filter>
    <Filter Include="ソース ファイル\Game\Base">
      <UniqueIdentifier>{88c29b55-a520-4254-9dc8-e4dc3399d6f2}</UniqueIdentifier>
    </Filter>
    <Filter Include="ソース ファイル\Effekseer">
      <UniqueIdentifier>{d7bd042a-b137-4551-80e9-677bfc3afb41}</UniqueIdentifier>
    </Filter>
    <Filter Include="ヘッダー ファイル\Effekseer">
      <UniqueIdentifier>{8961861d-57c6-425e-8042-3a5d1edf3de7}</UniqueIdentifier>
    </Filter>
    <Filter Include="ソース ファイル\Game\Base\ObjectBase">
      <UniqueIdentifier>{2e465ab9-8ea5-4b19-ad60-0384c68282ad}</UniqueIdentifier>
    </Filter>
    <Filter Include="ヘッダー ファイル\Game\Bace\ObjectBase">
      <UniqueIdentifier>{156e94f6-2e5a-4a38-bf09-5944187101c0}</UniqueIdentifier>
    </Filter>
    <Filter Include="ソース ファイル\Game\Base\ObjectBase\ActorBase">
      <UniqueIdentifier>{c5717c13-38d2-4a18-bbfa-e937f5ebdfff}</UniqueIdentifier>
    </Filter>
    <Filter Include="ヘッダー ファイル\Game\Bace\ObjectBase\ActorBase">
      <UniqueIdentifier>{d237811b-947f-4a33-8f21-a3a44cb3d498}</UniqueIdentifier>
    </Filter>
    <Filter Include="ヘッダー ファイル\Game\Bace\ObjectBase\ActorBase\CharacterBase">
      <UniqueIdentifier>{33d31416-f7b4-4337-95d9-245681576184}</UniqueIdentifier>
    </Filter>
    <Filter Include="ソース ファイル\Game\Base\ObjectBase\ActorBase\CharacterBase">
      <UniqueIdentifier>{a4ad2b9d-ecc9-4810-bc39-0d8cb5f84ae9}</UniqueIdentifier>
    </Filter>
    <Filter Include="ソース ファイル\Game\Object">
      <UniqueIdentifier>{3edcc5e3-2165-40e3-8b2a-a5adcfc7b619}</UniqueIdentifier>
    </Filter>
    <Filter Include="ソース ファイル\Game\Object\Actor">
      <UniqueIdentifier>{34fd46c2-ca0c-44f1-8ec9-6ee23262172d}</UniqueIdentifier>
    </Filter>
    <Filter Include="ソース ファイル\Game\Object\Actor\Character">
      <UniqueIdentifier>{482bf424-5bf6-4a86-b65c-2c6debb64af8}</UniqueIdentifier>
    </Filter>
    <Filter Include="ソース ファイル\Game\Object\Actor\Character\Enemy">
      <UniqueIdentifier>{41260c21-43e8-43ee-a06f-89f81ea12a8f}</UniqueIdentifier>
    </Filter>
    <Filter Include="ヘッダー ファイル\Game\Object">
      <UniqueIdentifier>{e1e8d808-eff2-4999-94e2-3070c4df8cd5}</UniqueIdentifier>
    </Filter>
    <Filter Include="ヘッダー ファイル\Game\Object\Actor">
      <UniqueIdentifier>{bab35602-5f90-435b-92bc-af402e787231}</UniqueIdentifier>
    </Filter>
    <Filter Include="ヘッダー ファイル\Game\Object\Actor\Character">
      <UniqueIdentifier>{074400ca-ef3d-417a-ae36-ef1001311c27}</UniqueIdentifier>
    </Filter>
    <Filter Include="ヘッダー ファイル\Game\Object\Actor\Character\Enemy">
      <UniqueIdentifier>{2563cef2-c339-442e-b3ea-de0daa753818}</UniqueIdentifier>
    </Filter>
    <Filter Include="ソース ファイル\Game\Base\ObjectBase\ActorBase\CharacterBase\EnemyBase">
      <UniqueIdentifier>{cd514c39-16d2-4951-9bf8-6f444a7bedd2}</UniqueIdentifier>
    </Filter>
    <Filter Include="ソース ファイル\Game\Base\SceneBase">
      <UniqueIdentifier>{06f91ff4-b509-4667-9a46-55a86817cdfd}</UniqueIdentifier>
    </Filter>
    <Filter Include="ソース ファイル\Game\Manager\CameraManager">
      <UniqueIdentifier>{4873c271-cfe0-465e-bf88-4f7f5957c52f}</UniqueIdentifier>
    </Filter>
    <Filter Include="ソース ファイル\Game\Manager\SceneManager">
      <UniqueIdentifier>{2677a52f-b054-4e17-8697-fc8cd4ca2eb7}</UniqueIdentifier>
    </Filter>
    <Filter Include="ソース ファイル\Game\Object\Sky">
      <UniqueIdentifier>{b50963ee-3805-4a55-832d-f4ce43f9a833}</UniqueIdentifier>
    </Filter>
    <Filter Include="ソース ファイル\Game\Object\BossArea">
      <UniqueIdentifier>{c8a606fb-e8bb-45bb-b8f1-e7b0ad739657}</UniqueIdentifier>
    </Filter>
    <Filter Include="ソース ファイル\Game\Object\Actor\Character\Player">
      <UniqueIdentifier>{3578da23-2f79-4b9e-8c2c-eab42ef18fde}</UniqueIdentifier>
    </Filter>
    <Filter Include="ソース ファイル\Game\Object\Actor\Character\Enemy\Boss">
      <UniqueIdentifier>{051aeba9-c608-40f1-a137-31a7ba043894}</UniqueIdentifier>
    </Filter>
    <Filter Include="ソース ファイル\Game\Result\Result">
      <UniqueIdentifier>{1225f4cf-ac73-4e42-a475-c5e394bc7992}</UniqueIdentifier>
    </Filter>
    <Filter Include="ソース ファイル\Game\Result\ResultNum">
      <UniqueIdentifier>{5f541856-bd56-4197-8103-5ba7bbb51f54}</UniqueIdentifier>
    </Filter>
    <Filter Include="ソース ファイル\Game\Scene\ResultScene">
      <UniqueIdentifier>{a0d57502-c798-418f-bf7d-eb1bf50db283}</UniqueIdentifier>
    </Filter>
    <Filter Include="ソース ファイル\Game\Scene\TitleScene">
      <UniqueIdentifier>{330096bb-2b26-4006-8cc8-6e7a6716cfd4}</UniqueIdentifier>
    </Filter>
    <Filter Include="ヘッダー ファイル\Game\Bace\ObjectBase\ActorBase\CharacterBase\EnemyBase">
      <UniqueIdentifier>{148fbc58-843b-4a40-b480-3ab2e34a5abf}</UniqueIdentifier>
    </Filter>
    <Filter Include="ヘッダー ファイル\Game\Bace\SceneBase">
      <UniqueIdentifier>{89a2546e-8ddb-4873-bab9-4b3523fdfe37}</UniqueIdentifier>
    </Filter>
    <Filter Include="ヘッダー ファイル\Game\Manager\CameraManager">
      <UniqueIdentifier>{a3c73600-cf22-4d2b-8d80-4e9d95e0ed6c}</UniqueIdentifier>
    </Filter>
    <Filter Include="ヘッダー ファイル\Game\Manager\SceneManager">
      <UniqueIdentifier>{374df105-31b3-423b-81c9-05d96f0f20c8}</UniqueIdentifier>
    </Filter>
    <Filter Include="ヘッダー ファイル\Game\Object\Actor\Character\Enemy\Boss">
      <UniqueIdentifier>{c58431e4-e6ce-4865-8dbf-c92a46df3ad9}</UniqueIdentifier>
    </Filter>
    <Filter Include="ヘッダー ファイル\Game\Object\Actor\Character\Player">
      <UniqueIdentifier>{b8299d39-f063-4a7c-99b7-0b83c6b5a02d}</UniqueIdentifier>
    </Filter>
    <Filter Include="ヘッダー ファイル\Game\Object\BossArea">
      <UniqueIdentifier>{03a95856-6421-4df1-ab57-8b650f4ef3a0}</UniqueIdentifier>
    </Filter>
    <Filter Include="ヘッダー ファイル\Game\Object\Sky">
      <UniqueIdentifier>{cbcfe912-a9a8-4ba9-8914-d031d027cd5d}</UniqueIdentifier>
    </Filter>
    <Filter Include="ヘッダー ファイル\Game\Result\Result">
      <UniqueIdentifier>{2b083088-2659-4213-8f9c-57b27cd732e2}</UniqueIdentifier>
    </Filter>
    <Filter Include="ヘッダー ファイル\Game\Result\ResultNum">
      <UniqueIdentifier>{013c4683-1a13-44d8-9201-39a352fd74e7}</UniqueIdentifier>
    </Filter>
    <Filter Include="ヘッダー ファイル\Game\Scene\ResultScene">
      <UniqueIdentifier>{c2f8a092-2f84-4ff4-a77f-26cadfc76c49}</UniqueIdentifier>
    </Filter>
    <Filter Include="ヘッダー ファイル\Game\Scene\SelectScene">
      <UniqueIdentifier>{d6396c7a-97de-4daf-9e73-d7656f3d5aa4}</UniqueIdentifier>
    </Filter>
    <Filter Include="ヘッダー ファイル\Game\Scene\TitleScene">
      <UniqueIdentifier>{1f6fa5a4-5678-455f-a225-566e9c08891e}</UniqueIdentifier>
    </Filter>
    <Filter Include="ヘッダー ファイル\Game\Scene\BossScene">
      <UniqueIdentifier>{d5022ea7-909c-4c92-af01-ca5fcff0bb03}</UniqueIdentifier>
    </Filter>
    <Filter Include="ソース ファイル\Game\Scene\BossScene">
      <UniqueIdentifier>{c2bbe998-763d-497a-8607-bd6b79663df6}</UniqueIdentifier>
    </Filter>
    <Filter Include="ヘッダー ファイル\Game\Scene\StageScene">
      <UniqueIdentifier>{b1ee5516-0380-4a43-8385-ac16ddd6862e}</UniqueIdentifier>
    </Filter>
    <Filter Include="ソース ファイル\Game\Scene\StageScene">
      <UniqueIdentifier>{2c897c28-7ac1-4b3f-bfa6-af7aaf3911ea}</UniqueIdentifier>
    </Filter>
    <Filter Include="ソース ファイル\Game\Object\Platform">
      <UniqueIdentifier>{68368f95-744f-45e2-bb54-5378f9e72b2c}</UniqueIdentifier>
    </Filter>
    <Filter Include="ソース ファイル\Game\Object\Platform\NormalPlatform">
      <UniqueIdentifier>{9b093a72-8bb5-4367-9815-559265186bb9}</UniqueIdentifier>
    </Filter>
    <Filter Include="ソース ファイル\Game\Object\Platform\MovingPlatform">
      <UniqueIdentifier>{ae379be5-88b4-47b5-a5c1-e3922850b02b}</UniqueIdentifier>
    </Filter>
    <Filter Include="ソース ファイル\Game\Object\Platform\FallingPlatform">
      <UniqueIdentifier>{76bedb8b-dd8e-43c0-8a92-3dd75c2cff25}</UniqueIdentifier>
    </Filter>
    <Filter Include="ヘッダー ファイル\Game\Manager\PlatformManager">
      <UniqueIdentifier>{ad11f2a8-fe17-467f-926e-4a74a7347284}</UniqueIdentifier>
    </Filter>
    <Filter Include="ソース ファイル\Game\Manager\PlatformManager">
      <UniqueIdentifier>{c150b69f-c010-4925-90c8-549f5bf8c2ae}</UniqueIdentifier>
    </Filter>
    <Filter Include="ヘッダー ファイル\Game\Bace\ObjectBase\PlatformBase">
      <UniqueIdentifier>{9118e909-c031-46c8-9679-c71b96ec8b57}</UniqueIdentifier>
    </Filter>
    <Filter Include="ヘッダー ファイル\Game\Object\Platform">
      <UniqueIdentifier>{d0335ff2-c665-4259-9e56-c69826925508}</UniqueIdentifier>
    </Filter>
    <Filter Include="ヘッダー ファイル\Game\Object\Platform\FallingPlatform">
      <UniqueIdentifier>{86da3dd2-0813-4058-8601-d1307aaeba8b}</UniqueIdentifier>
    </Filter>
    <Filter Include="ヘッダー ファイル\Game\Object\Platform\MovingPlatform">
      <UniqueIdentifier>{8dd4be55-d769-46b2-9318-7aab7f48d543}</UniqueIdentifier>
    </Filter>
    <Filter Include="ヘッダー ファイル\Game\Object\Platform\NormalPlatform">
      <UniqueIdentifier>{352e5da4-4eb5-44e0-b9e7-f8e422d676d2}</UniqueIdentifier>
    </Filter>
    <Filter Include="ヘッダー ファイル\Game\Object\Sword">
      <UniqueIdentifier>{637abb46-a290-4373-8aab-3aa07e9b2777}</UniqueIdentifier>
    </Filter>
    <Filter Include="ソース ファイル\Game\Object\Sword">
      <UniqueIdentifier>{3e3fd55a-de6a-4201-aceb-6391698e741b}</UniqueIdentifier>
    </Filter>
    <Filter Include="ソース ファイル\Game\Object\Shield">
      <UniqueIdentifier>{0fd7975b-b191-4d50-a5cd-f13312761f00}</UniqueIdentifier>
    </Filter>
    <Filter Include="ヘッダー ファイル\Game\Object\Shield">
      <UniqueIdentifier>{bf567a38-07e2-4d33-a726-b1d9fddea1d2}</UniqueIdentifier>
    </Filter>
    <Filter Include="ソース ファイル\Game\Base\Object2DBase">
      <UniqueIdentifier>{f11cfb2e-8a96-4f5b-bd40-6603d32b6422}</UniqueIdentifier>
    </Filter>
    <Filter Include="ヘッダー ファイル\Game\Bace\Object2DBase">
      <UniqueIdentifier>{d7d54376-ed4e-4674-8fc7-44d6fb893e95}</UniqueIdentifier>
    </Filter>
    <Filter Include="ヘッダー ファイル\Game\UI">
      <UniqueIdentifier>{d02b5435-cbb9-4aea-bad6-e10477f58779}</UniqueIdentifier>
    </Filter>
    <Filter Include="ソース ファイル\Game\UI">
      <UniqueIdentifier>{eb6f8482-c26c-470f-9527-274fa18a899c}</UniqueIdentifier>
    </Filter>
    <Filter Include="ヘッダー ファイル\Game\UI\HitPoints">
      <UniqueIdentifier>{8ef7dce3-1b94-4b9c-9f9b-ba9c37ef99e8}</UniqueIdentifier>
    </Filter>
    <Filter Include="ソース ファイル\Game\UI\HitPoints">
      <UniqueIdentifier>{1fc76bd8-66e8-457b-af52-42216a07e39b}</UniqueIdentifier>
    </Filter>
    <Filter Include="ソース ファイル\Game\UI\SkillPoints">
      <UniqueIdentifier>{a2594a13-47cd-4d6c-999a-2a621f6d118a}</UniqueIdentifier>
    </Filter>
    <Filter Include="ヘッダー ファイル\Game\UI\SkillPoints">
      <UniqueIdentifier>{ddc08214-4557-4c0d-80d3-566cb68dc0d2}</UniqueIdentifier>
    </Filter>
    <Filter Include="ヘッダー ファイル\Game\UI\Stamina">
      <UniqueIdentifier>{8a31a3f0-024a-4cd0-8a9b-931c88ead680}</UniqueIdentifier>
    </Filter>
    <Filter Include="ソース ファイル\Game\UI\Stamina">
      <UniqueIdentifier>{12d36e10-4506-4a38-8c02-c1c21b320b4d}</UniqueIdentifier>
    </Filter>
    <Filter Include="ソース ファイル\Game\Camera\Player">
      <UniqueIdentifier>{a26b750a-1f50-4140-a6de-b20b28b29824}</UniqueIdentifier>
    </Filter>
    <Filter Include="ヘッダー ファイル\Game\Camera\Player">
      <UniqueIdentifier>{8ce0041d-e8dd-4d6d-91b8-5b83772f1b6e}</UniqueIdentifier>
    </Filter>
    <Filter Include="ソース ファイル\Game\Camera\Target">
      <UniqueIdentifier>{90445a6d-e94f-464c-9028-1decfd33dae5}</UniqueIdentifier>
    </Filter>
    <Filter Include="ヘッダー ファイル\Game\Camera\Target">
      <UniqueIdentifier>{02efb31a-2cdc-4fee-b937-2a86a10ee9f9}</UniqueIdentifier>
    </Filter>
    <Filter Include="ソース ファイル\Game\Scene\SelectScene">
      <UniqueIdentifier>{92962350-27e1-4f80-b46c-461d154a108a}</UniqueIdentifier>
    </Filter>
    <Filter Include="ヘッダー ファイル\Game\Object\Platform\RespawnPlatform">
      <UniqueIdentifier>{cb9677eb-3fdc-409f-b888-d5b021494396}</UniqueIdentifier>
    </Filter>
    <Filter Include="ソース ファイル\Game\Object\Platform\RespawnPlatform">
      <UniqueIdentifier>{29fffe05-c6e5-424c-bce1-419336c8aa0b}</UniqueIdentifier>
    </Filter>
    <Filter Include="ソース ファイル\Game\Object\Actor\Character\Enemy\Boar">
      <UniqueIdentifier>{090f2fa6-57c3-4c0b-b750-5f9a3ccb6a94}</UniqueIdentifier>
    </Filter>
    <Filter Include="ソース ファイル\Game\Object\Actor\Character\Enemy\Wolf">
      <UniqueIdentifier>{08bf64a2-2d94-4595-ab8a-dcd6757b5f59}</UniqueIdentifier>
    </Filter>
    <Filter Include="ヘッダー ファイル\Game\Object\Actor\Character\Enemy\Boar">
      <UniqueIdentifier>{43cebcc6-ab72-4d85-a20c-3814b4cf480a}</UniqueIdentifier>
    </Filter>
    <Filter Include="ヘッダー ファイル\Game\Object\Actor\Character\Enemy\Wolf">
      <UniqueIdentifier>{b87e8d8e-8a0c-4d26-bcb3-f34d115756a6}</UniqueIdentifier>
    </Filter>
    <Filter Include="ソース ファイル\Game\Object\Platform\GoalPlatform">
      <UniqueIdentifier>{dc40dcd2-ec7e-4020-8ee8-9782fba44a62}</UniqueIdentifier>
    </Filter>
    <Filter Include="ヘッダー ファイル\Game\Object\Platform\GoalPlatform">
      <UniqueIdentifier>{cea57df5-82c6-4c9f-b3fe-1039e268289c}</UniqueIdentifier>
    </Filter>
    <Filter Include="ソース ファイル\Game\Base\ObjectBase\ActorBase\CharacterBase\EnemyBase\MobEnemyBase">
      <UniqueIdentifier>{695b219f-adff-43bd-85c3-db71050df8ae}</UniqueIdentifier>
    </Filter>
    <Filter Include="ヘッダー ファイル\Game\Bace\ObjectBase\ActorBase\CharacterBase\EnemyBase\MobEnemyBase">
      <UniqueIdentifier>{907253c0-8a3b-463d-aa61-5e26a3116d9f}</UniqueIdentifier>
    </Filter>
    <Filter Include="ソース ファイル\Game\Manager\MobEnemyManager">
      <UniqueIdentifier>{f6dbcd61-cbdd-45ea-a922-cb84a803146c}</UniqueIdentifier>
    </Filter>
    <Filter Include="ヘッダー ファイル\Game\Manager\MobEnemyManager">
      <UniqueIdentifier>{3b2095fe-1f1b-4386-a518-78bebbac95c7}</UniqueIdentifier>
    </Filter>
    <Filter Include="ソース ファイル\Lib\Collision">
      <UniqueIdentifier>{758ac4be-0aae-424a-8463-8beeb92f0d25}</UniqueIdentifier>
    </Filter>
    <Filter Include="ソース ファイル\Lib\DxLibFont">
      <UniqueIdentifier>{e880dcac-d5fa-433b-8ef0-4e79c9c86c42}</UniqueIdentifier>
    </Filter>
    <Filter Include="ソース ファイル\Lib\Fade">
      <UniqueIdentifier>{949169e8-3867-4e0f-8b99-93765581cacc}</UniqueIdentifier>
    </Filter>
    <Filter Include="ソース ファイル\Lib\FPS">
      <UniqueIdentifier>{67ac4621-6b18-4c09-ab6c-5dff327208c8}</UniqueIdentifier>
    </Filter>
    <Filter Include="ソース ファイル\Lib\Input">
      <UniqueIdentifier>{b76e3e3c-50b5-40ba-b0bc-312b997da6e6}</UniqueIdentifier>
    </Filter>
    <Filter Include="ソース ファイル\Lib\LoadMaterial">
      <UniqueIdentifier>{21baca9f-2e4f-41a0-af36-dfb6b642bf89}</UniqueIdentifier>
    </Filter>
    <Filter Include="ヘッダー ファイル\Lib\Collision">
      <UniqueIdentifier>{09a3b61b-4d87-43ea-bd5d-403ca490a15a}</UniqueIdentifier>
    </Filter>
    <Filter Include="ヘッダー ファイル\Lib\DxLibFont">
      <UniqueIdentifier>{d6080fc4-ffa1-4023-9986-71ae24d6400b}</UniqueIdentifier>
    </Filter>
    <Filter Include="ヘッダー ファイル\Lib\Fade">
      <UniqueIdentifier>{cf86b8b4-008b-4101-b3c6-ea923c20a2ef}</UniqueIdentifier>
    </Filter>
    <Filter Include="ヘッダー ファイル\Lib\Input">
      <UniqueIdentifier>{958c0a36-9375-42b3-9b56-47c6102498f6}</UniqueIdentifier>
    </Filter>
    <Filter Include="ヘッダー ファイル\Lib\LoadMaterial">
      <UniqueIdentifier>{6ed90c92-d75e-47f6-a679-362d01a01993}</UniqueIdentifier>
    </Filter>
    <Filter Include="ヘッダー ファイル\Lib\FPS">
      <UniqueIdentifier>{4acd5206-b7a0-41b3-848e-8455398f37d4}</UniqueIdentifier>
    </Filter>
    <Filter Include="ヘッダー ファイル\Game\Object\Platform\WallPlatform">
      <UniqueIdentifier>{e017667f-2b43-4e72-b9c1-a41ad2279475}</UniqueIdentifier>
    </Filter>
    <Filter Include="ソース ファイル\Game\Object\Platform\WallPlatform">
      <UniqueIdentifier>{ad8a673f-4af2-4791-9278-3ac69716d853}</UniqueIdentifier>
    </Filter>
    <Filter Include="ソース ファイル\Game\Object\Platform\BarrierPlatform">
      <UniqueIdentifier>{7012aee0-b5bc-4f5d-8292-6ff32ffa13e6}</UniqueIdentifier>
    </Filter>
    <Filter Include="ヘッダー ファイル\Game\Object\Platform\BarrierPlatform">
      <UniqueIdentifier>{30766ade-1c0e-4c40-80bc-394d63d26d58}</UniqueIdentifier>
    </Filter>
    <Filter Include="ヘッダー ファイル\Game\Bace\ObjectBase\GimmickBase">
      <UniqueIdentifier>{08bb179b-9fff-437c-bd5d-bad7884fd80d}</UniqueIdentifier>
    </Filter>
    <Filter Include="ソース ファイル\Game\Base\ObjectBase\GimmickBase">
      <UniqueIdentifier>{7dddef5a-0a72-44c8-806d-86a9abebe7a1}</UniqueIdentifier>
    </Filter>
    <Filter Include="ソース ファイル\Game\Base\ObjectBase\PlatformBase">
      <UniqueIdentifier>{7f4e4860-a5f9-4747-a5e1-379b9d75e109}</UniqueIdentifier>
    </Filter>
    <Filter Include="ソース ファイル\Game\Manager\GimmickManager">
      <UniqueIdentifier>{00855158-257b-4d26-8bff-5337bf41ebe8}</UniqueIdentifier>
    </Filter>
    <Filter Include="ヘッダー ファイル\Game\Manager\GimmickManager">
      <UniqueIdentifier>{05d4e9d1-9340-4814-9240-fe3ccbe7f644}</UniqueIdentifier>
    </Filter>
    <Filter Include="ソース ファイル\Game\Object\Gimmick">
      <UniqueIdentifier>{00fdcd3f-ce29-4015-b201-0f4cb292062e}</UniqueIdentifier>
    </Filter>
    <Filter Include="ヘッダー ファイル\Game\Object\Gimmick">
      <UniqueIdentifier>{2d333373-3e2b-4487-a1b7-6cb285325010}</UniqueIdentifier>
    </Filter>
    <Filter Include="ソース ファイル\Game\Base\Object2DBase\StatusDrawBase">
      <UniqueIdentifier>{1a5a74e2-1cc2-47be-b2e2-ed160b85cc31}</UniqueIdentifier>
    </Filter>
    <Filter Include="ヘッダー ファイル\Game\Bace\Object2DBase\StatusDrawBase">
      <UniqueIdentifier>{b5e8e485-5cc6-41ec-84ad-47fad6b52f5a}</UniqueIdentifier>
    </Filter>
    <Filter Include="ソース ファイル\Game\Manager\StatusDrawManager">
      <UniqueIdentifier>{8f5a46ec-6944-4629-8272-c90d71ab0ce5}</UniqueIdentifier>
    </Filter>
    <Filter Include="ヘッダー ファイル\Game\Manager\StatusDrawManager">
      <UniqueIdentifier>{f24ce4b7-23bb-453c-9b9a-c1bb998ce0dd}</UniqueIdentifier>
    </Filter>
  </ItemGroup>
  <ItemGroup>
    <ClCompile Include="Source\Main.cpp">
      <Filter>ソース ファイル</Filter>
    </ClCompile>
    <ClCompile Include="Source\Effekseer\effekseer.cpp">
      <Filter>ソース ファイル\Effekseer</Filter>
    </ClCompile>
    <ClCompile Include="Source\Game\Sound\SoundManager.cpp">
      <Filter>ソース ファイル\Game\Sound</Filter>
    </ClCompile>
    <ClCompile Include="Source\Game\Title\Title.cpp">
      <Filter>ソース ファイル\Game\Title</Filter>
    </ClCompile>
    <ClCompile Include="Source\Effekseer\MyEffeckseer.cpp">
      <Filter>ソース ファイル\Effekseer</Filter>
    </ClCompile>
    <ClCompile Include="Source\Game\Base\Object\ObjectBase.cpp">
      <Filter>ソース ファイル\Game\Base\ObjectBase</Filter>
    </ClCompile>
    <ClCompile Include="Source\Game\Base\Object\ActorBase\ActorBase.cpp">
      <Filter>ソース ファイル\Game\Base\ObjectBase\ActorBase</Filter>
    </ClCompile>
    <ClCompile Include="Source\Game\Base\Object\ActorBase\Character\CharacterBase.cpp">
      <Filter>ソース ファイル\Game\Base\ObjectBase\ActorBase\CharacterBase</Filter>
    </ClCompile>
    <ClCompile Include="Source\Game\Base\Object\ActorBase\Character\EnemyBase\EnemyBase.cpp">
      <Filter>ソース ファイル\Game\Base\ObjectBase\ActorBase\CharacterBase\EnemyBase</Filter>
    </ClCompile>
    <ClCompile Include="Source\Game\Base\Scene\SceneBase.cpp">
      <Filter>ソース ファイル\Game\Base\SceneBase</Filter>
    </ClCompile>
    <ClCompile Include="Source\Game\Manager\Camera\CameraManager.cpp">
      <Filter>ソース ファイル\Game\Manager\CameraManager</Filter>
    </ClCompile>
    <ClCompile Include="Source\Game\Manager\Scene\SceneManager.cpp">
      <Filter>ソース ファイル\Game\Manager\SceneManager</Filter>
    </ClCompile>
    <ClCompile Include="Source\Game\Object\Sky\Sky.cpp">
      <Filter>ソース ファイル\Game\Object\Sky</Filter>
    </ClCompile>
    <ClCompile Include="Source\Game\Object\BossArea\BossArea.cpp">
      <Filter>ソース ファイル\Game\Object\BossArea</Filter>
    </ClCompile>
    <ClCompile Include="Source\Game\Object\Actor\Character\Player\Player.cpp">
      <Filter>ソース ファイル\Game\Object\Actor\Character\Player</Filter>
    </ClCompile>
    <ClCompile Include="Source\Game\Object\Actor\Character\Enemy\Boss\Boss.cpp">
      <Filter>ソース ファイル\Game\Object\Actor\Character\Enemy\Boss</Filter>
    </ClCompile>
    <ClCompile Include="Source\Game\Result\Result.cpp">
      <Filter>ソース ファイル\Game\Result\Result</Filter>
    </ClCompile>
    <ClCompile Include="Source\Game\Result\ResultNum.cpp">
      <Filter>ソース ファイル\Game\Result\ResultNum</Filter>
    </ClCompile>
    <ClCompile Include="Source\Game\Scene\Result\ResultScene.cpp">
      <Filter>ソース ファイル\Game\Scene\ResultScene</Filter>
    </ClCompile>
    <ClCompile Include="Source\Game\Scene\Select\SelectScene.cpp">
      <Filter>ソース ファイル\Game\Scene\SelectScene</Filter>
    </ClCompile>
    <ClCompile Include="Source\Game\Scene\Title\TitleScene.cpp">
      <Filter>ソース ファイル\Game\Scene\TitleScene</Filter>
    </ClCompile>
    <ClCompile Include="Source\Game\HitCheck\HitCheck.cpp">
      <Filter>ソース ファイル\Game\HitCheck</Filter>
    </ClCompile>
    <ClCompile Include="Source\Game\Scene\Boss\BossScene.cpp">
      <Filter>ソース ファイル\Game\Scene\BossScene</Filter>
    </ClCompile>
    <ClCompile Include="Source\Game\Scene\Stage\StageScene.cpp">
      <Filter>ソース ファイル\Game\Scene\StageScene</Filter>
    </ClCompile>
    <ClCompile Include="Source\Game\Base\Object\PlatformBase\PlatformBase.cpp">
      <Filter>ソース ファイル\Game\Base\ObjectBase\PlatformBase</Filter>
    </ClCompile>
    <ClCompile Include="Source\Game\Object\Platform\FallingPlatform\FallingPlatform.cpp">
      <Filter>ソース ファイル\Game\Object\Platform\FallingPlatform</Filter>
    </ClCompile>
    <ClCompile Include="Source\Game\Object\Platform\MovingPlatform\MovingPlatform.cpp">
      <Filter>ソース ファイル\Game\Object\Platform\MovingPlatform</Filter>
    </ClCompile>
    <ClCompile Include="Source\Game\Object\Platform\NormalPlatform\NormalPlatform.cpp">
      <Filter>ソース ファイル\Game\Object\Platform\NormalPlatform</Filter>
    </ClCompile>
    <ClCompile Include="Source\Game\Manager\Platform\PlatformManager.cpp">
      <Filter>ソース ファイル\Game\Manager\PlatformManager</Filter>
    </ClCompile>
    <ClCompile Include="Source\Game\Object\Sword\Sword.cpp">
      <Filter>ソース ファイル\Game\Object\Sword</Filter>
    </ClCompile>
    <ClCompile Include="Source\Game\Object\Shield\Shield.cpp">
      <Filter>ソース ファイル\Game\Object\Shield</Filter>
    </ClCompile>
    <ClCompile Include="Source\Game\Base\Object2D\Object2DBase.cpp">
      <Filter>ソース ファイル\Game\Base\Object2DBase</Filter>
    </ClCompile>
    <ClCompile Include="Source\Game\UI\HitPoints\HitPoints.cpp">
      <Filter>ソース ファイル\Game\UI\HitPoints</Filter>
    </ClCompile>
    <ClCompile Include="Source\Game\Camera\Target\TargetCamera.cpp">
      <Filter>ソース ファイル\Game\Camera\Target</Filter>
    </ClCompile>
    <ClCompile Include="Source\Game\Camera\Player\PlayerCamera.cpp">
      <Filter>ソース ファイル\Game\Camera\Player</Filter>
    </ClCompile>
    <ClCompile Include="Source\Game\Object\Platform\RespawnPlatform\RespawnPlatform.cpp">
      <Filter>ソース ファイル\Game\Object\Platform\RespawnPlatform</Filter>
    </ClCompile>
    <ClCompile Include="Source\Game\Object\Actor\Character\Enemy\Boar\Boar.cpp">
      <Filter>ソース ファイル\Game\Object\Actor\Character\Enemy\Boar</Filter>
    </ClCompile>
    <ClCompile Include="Source\Game\Object\Actor\Character\Enemy\Wolf\Wolf.cpp">
      <Filter>ソース ファイル\Game\Object\Actor\Character\Enemy\Wolf</Filter>
    </ClCompile>
    <ClCompile Include="Source\Game\Object\Platform\GoalPlatform\GoalPlatform.cpp">
      <Filter>ソース ファイル\Game\Object\Platform\GoalPlatform</Filter>
    </ClCompile>
    <ClCompile Include="Source\Game\Base\Object\ActorBase\Character\EnemyBase\MobEnemyBase\MobEnemyBase.cpp">
      <Filter>ソース ファイル\Game\Base\ObjectBase\ActorBase\CharacterBase\EnemyBase\MobEnemyBase</Filter>
    </ClCompile>
    <ClCompile Include="Source\Game\Manager\MobEnemy\MobEnemyManager.cpp">
      <Filter>ソース ファイル\Game\Manager\MobEnemyManager</Filter>
    </ClCompile>
    <ClCompile Include="Source\Lib\Collision\Collision.cpp">
      <Filter>ソース ファイル\Lib\Collision</Filter>
    </ClCompile>
    <ClCompile Include="Source\Lib\DxLibFont\DxLibFont.cpp">
      <Filter>ソース ファイル\Lib\DxLibFont</Filter>
    </ClCompile>
    <ClCompile Include="Source\Lib\Fade\Fade.cpp">
      <Filter>ソース ファイル\Lib\Fade</Filter>
    </ClCompile>
    <ClCompile Include="Source\Lib\FPS\FPS.cpp">
      <Filter>ソース ファイル\Lib\FPS</Filter>
    </ClCompile>
    <ClCompile Include="Source\Lib\Input\InputKey.cpp">
      <Filter>ソース ファイル\Lib\Input</Filter>
    </ClCompile>
    <ClCompile Include="Source\Lib\Input\InputPad.cpp">
      <Filter>ソース ファイル\Lib\Input</Filter>
    </ClCompile>
    <ClCompile Include="Source\Lib\LoadMaterial\LoadMaterial.cpp">
      <Filter>ソース ファイル\Lib\LoadMaterial</Filter>
    </ClCompile>
    <ClCompile Include="Source\Lib\Input\InputManager.cpp">
      <Filter>ソース ファイル\Lib\Input</Filter>
    </ClCompile>
    <ClCompile Include="Source\Lib\Input\InputMouse.cpp">
      <Filter>ソース ファイル\Lib\Input</Filter>
    </ClCompile>
    <ClCompile Include="Source\Game\Object\Platform\BarrierPlatform\BarrierPlatform.cpp">
      <Filter>ソース ファイル\Game\Object\Platform\BarrierPlatform</Filter>
    </ClCompile>
    <ClCompile Include="Source\Game\Object\Platform\WallPlatform\WallPlatform.cpp">
      <Filter>ソース ファイル\Game\Object\Platform\WallPlatform</Filter>
    </ClCompile>
    <ClCompile Include="Source\Game\Base\Object\GimmickBase\GimmickBase.cpp">
      <Filter>ソース ファイル\Game\Base\ObjectBase\GimmickBase</Filter>
    </ClCompile>
    <ClCompile Include="Source\Game\Object\Gimmick\BarrierActivator\BarrierActivator.cpp">
      <Filter>ソース ファイル\Game\Object\Gimmick</Filter>
    </ClCompile>
    <ClCompile Include="Source\Game\Manager\Gimmick\GimmickManager.cpp">
      <Filter>ソース ファイル\Game\Manager\GimmickManager</Filter>
    </ClCompile>
    <ClCompile Include="Source\Game\Base\Object2D\StatusDraw\StatusDrawBase.cpp">
      <Filter>ソース ファイル\Game\Base\Object2DBase\StatusDrawBase</Filter>
    </ClCompile>
    <ClCompile Include="Source\Game\UI\SkillPoints\SkillPoints.cpp">
      <Filter>ソース ファイル\Game\UI\SkillPoints</Filter>
    </ClCompile>
    <ClCompile Include="Source\Game\UI\Stamina\Stamina.cpp">
      <Filter>ソース ファイル\Game\UI\Stamina</Filter>
    </ClCompile>
    <ClCompile Include="Source\Game\Manager\StatusDrawManager\StatusDrawManager.cpp">
      <Filter>ソース ファイル\Game\Manager\StatusDrawManager</Filter>
    </ClCompile>
  </ItemGroup>
  <ItemGroup>
    <ClInclude Include="Source\Comon.h">
      <Filter>ヘッダー ファイル</Filter>
    </ClInclude>
    <ClInclude Include="Source\Game\Sound\SoundManager.h">
      <Filter>ヘッダー ファイル\Game\Sound</Filter>
    </ClInclude>
    <ClInclude Include="Source\Effekseer\effekseer.h">
      <Filter>ヘッダー ファイル\Effekseer</Filter>
    </ClInclude>
    <ClInclude Include="Source\Game\Title\Title.h">
      <Filter>ヘッダー ファイル\Game\Title</Filter>
    </ClInclude>
    <ClInclude Include="Source\Effekseer\MyEffeckseer.h">
      <Filter>ヘッダー ファイル\Effekseer</Filter>
    </ClInclude>
    <ClInclude Include="Source\Game\Base\Object\ActorBase\Character\EnemyBase\EnemyBase.h">
      <Filter>ヘッダー ファイル\Game\Bace\ObjectBase\ActorBase\CharacterBase\EnemyBase</Filter>
    </ClInclude>
    <ClInclude Include="Source\Game\Base\Scene\SceneBase.h">
      <Filter>ヘッダー ファイル\Game\Bace\SceneBase</Filter>
    </ClInclude>
    <ClInclude Include="Source\Game\Base\Object\ObjectBase.h">
      <Filter>ヘッダー ファイル\Game\Bace\ObjectBase</Filter>
    </ClInclude>
    <ClInclude Include="Source\Game\Base\Object\ActorBase\ActorBase.h">
      <Filter>ヘッダー ファイル\Game\Bace\ObjectBase\ActorBase</Filter>
    </ClInclude>
    <ClInclude Include="Source\Game\Base\Object\ActorBase\Character\CharacterBase.h">
      <Filter>ヘッダー ファイル\Game\Bace\ObjectBase\ActorBase\CharacterBase</Filter>
    </ClInclude>
    <ClInclude Include="Source\Game\Manager\Camera\CameraManager.h">
      <Filter>ヘッダー ファイル\Game\Manager\CameraManager</Filter>
    </ClInclude>
    <ClInclude Include="Source\Game\Manager\Scene\SceneManager.h">
      <Filter>ヘッダー ファイル\Game\Manager\SceneManager</Filter>
    </ClInclude>
    <ClInclude Include="Source\Game\Object\Actor\Character\Enemy\Boss\Boss.h">
      <Filter>ヘッダー ファイル\Game\Object\Actor\Character\Enemy\Boss</Filter>
    </ClInclude>
    <ClInclude Include="Source\Game\Object\Actor\Character\Player\Player.h">
      <Filter>ヘッダー ファイル\Game\Object\Actor\Character\Player</Filter>
    </ClInclude>
    <ClInclude Include="Source\Game\Object\BossArea\BossArea.h">
      <Filter>ヘッダー ファイル\Game\Object\BossArea</Filter>
    </ClInclude>
    <ClInclude Include="Source\Game\Object\Sky\Sky.h">
      <Filter>ヘッダー ファイル\Game\Object\Sky</Filter>
    </ClInclude>
    <ClInclude Include="Source\Game\Result\Result.h">
      <Filter>ヘッダー ファイル\Game\Result\Result</Filter>
    </ClInclude>
    <ClInclude Include="Source\Game\Result\ResultNum.h">
      <Filter>ヘッダー ファイル\Game\Result\ResultNum</Filter>
    </ClInclude>
    <ClInclude Include="Source\Game\Scene\Result\ResultScene.h">
      <Filter>ヘッダー ファイル\Game\Scene\ResultScene</Filter>
    </ClInclude>
    <ClInclude Include="Source\Game\Scene\Select\SelectScene.h">
      <Filter>ヘッダー ファイル\Game\Scene\SelectScene</Filter>
    </ClInclude>
    <ClInclude Include="Source\Game\Scene\Title\TitleScene.h">
      <Filter>ヘッダー ファイル\Game\Scene\TitleScene</Filter>
    </ClInclude>
    <ClInclude Include="Source\Game\HitCheck\HitCheck.h">
      <Filter>ヘッダー ファイル\Game\HitCheck</Filter>
    </ClInclude>
    <ClInclude Include="Source\Game\Scene\Boss\BossScene.h">
      <Filter>ヘッダー ファイル\Game\Scene\BossScene</Filter>
    </ClInclude>
    <ClInclude Include="Source\Game\Scene\Stage\StageScene.h">
      <Filter>ヘッダー ファイル\Game\Scene\StageScene</Filter>
    </ClInclude>
    <ClInclude Include="Source\Game\Base\Object\PlatformBase\PlatformBase.h">
      <Filter>ヘッダー ファイル\Game\Bace\ObjectBase\PlatformBase</Filter>
    </ClInclude>
    <ClInclude Include="Source\Game\Object\Platform\FallingPlatform\FallingPlatform.h">
      <Filter>ヘッダー ファイル\Game\Object\Platform\FallingPlatform</Filter>
    </ClInclude>
    <ClInclude Include="Source\Game\Object\Platform\MovingPlatform\MovingPlatform.h">
      <Filter>ヘッダー ファイル\Game\Object\Platform\MovingPlatform</Filter>
    </ClInclude>
    <ClInclude Include="Source\Game\Object\Platform\NormalPlatform\NormalPlatform.h">
      <Filter>ヘッダー ファイル\Game\Object\Platform\NormalPlatform</Filter>
    </ClInclude>
    <ClInclude Include="Source\Game\Manager\Platform\PlatformManager.h">
      <Filter>ヘッダー ファイル\Game\Manager\PlatformManager</Filter>
    </ClInclude>
    <ClInclude Include="Source\Game\Object\Sword\Sword.h">
      <Filter>ヘッダー ファイル\Game\Object\Sword</Filter>
    </ClInclude>
    <ClInclude Include="Source\Game\Object\Shield\Shield.h">
      <Filter>ヘッダー ファイル\Game\Object\Shield</Filter>
    </ClInclude>
    <ClInclude Include="Source\Game\Base\Object2D\Object2DBase.h">
      <Filter>ヘッダー ファイル\Game\Bace\Object2DBase</Filter>
    </ClInclude>
    <ClInclude Include="Source\Game\UI\HitPoints\HitPoints.h">
      <Filter>ヘッダー ファイル\Game\UI\HitPoints</Filter>
    </ClInclude>
    <ClInclude Include="Source\Game\Camera\Target\TargetCamera.h">
      <Filter>ヘッダー ファイル\Game\Camera\Target</Filter>
    </ClInclude>
    <ClInclude Include="Source\Game\Camera\Player\PlayerCamera.h">
      <Filter>ヘッダー ファイル\Game\Camera\Player</Filter>
    </ClInclude>
    <ClInclude Include="Source\Game\Object\Platform\RespawnPlatform\RespawnPlatform.h">
      <Filter>ヘッダー ファイル\Game\Object\Platform\RespawnPlatform</Filter>
    </ClInclude>
    <ClInclude Include="Source\Game\Object\Actor\Character\Enemy\Boar\Boar.h">
      <Filter>ヘッダー ファイル\Game\Object\Actor\Character\Enemy\Boar</Filter>
    </ClInclude>
    <ClInclude Include="Source\Game\Object\Actor\Character\Enemy\Wolf\Wolf.h">
      <Filter>ヘッダー ファイル\Game\Object\Actor\Character\Enemy\Wolf</Filter>
    </ClInclude>
    <ClInclude Include="Source\Game\Object\Platform\GoalPlatform\GoalPlatform.h">
      <Filter>ヘッダー ファイル\Game\Object\Platform\GoalPlatform</Filter>
    </ClInclude>
    <ClInclude Include="Source\Game\Base\Object\ActorBase\Character\EnemyBase\MobEnemyBase\MobEnemyBase.h">
      <Filter>ヘッダー ファイル\Game\Bace\ObjectBase\ActorBase\CharacterBase\EnemyBase\MobEnemyBase</Filter>
    </ClInclude>
    <ClInclude Include="Source\Game\Manager\MobEnemy\MobEnemyManager.h">
      <Filter>ヘッダー ファイル\Game\Manager\MobEnemyManager</Filter>
    </ClInclude>
    <ClInclude Include="Source\Lib\Collision\Collision.h">
      <Filter>ヘッダー ファイル\Lib\Collision</Filter>
    </ClInclude>
    <ClInclude Include="Source\Lib\DxLibFont\DxLibFont.h">
      <Filter>ヘッダー ファイル\Lib\DxLibFont</Filter>
    </ClInclude>
    <ClInclude Include="Source\Lib\Fade\Fade.h">
      <Filter>ヘッダー ファイル\Lib\Fade</Filter>
    </ClInclude>
    <ClInclude Include="Source\Lib\FPS\FPS.h">
      <Filter>ヘッダー ファイル\Lib\FPS</Filter>
    </ClInclude>
    <ClInclude Include="Source\Lib\Input\InputKey.h">
      <Filter>ヘッダー ファイル\Lib\Input</Filter>
    </ClInclude>
    <ClInclude Include="Source\Lib\Input\InputPad.h">
      <Filter>ヘッダー ファイル\Lib\Input</Filter>
    </ClInclude>
    <ClInclude Include="Source\Lib\LoadMaterial\LoadMaterial.h">
      <Filter>ヘッダー ファイル\Lib\LoadMaterial</Filter>
    </ClInclude>
    <ClInclude Include="Source\Lib\Input\InputManager.h">
      <Filter>ヘッダー ファイル\Lib\Input</Filter>
    </ClInclude>
    <ClInclude Include="Source\Lib\Input\InputMouse.h">
      <Filter>ヘッダー ファイル\Lib\Input</Filter>
    </ClInclude>
    <ClInclude Include="Source\Game\Object\Platform\BarrierPlatform\BarrierPlatform.h">
      <Filter>ヘッダー ファイル\Game\Object\Platform\BarrierPlatform</Filter>
    </ClInclude>
    <ClInclude Include="Source\Game\Object\Platform\WallPlatform\WallPlatform.h">
      <Filter>ヘッダー ファイル\Game\Object\Platform\WallPlatform</Filter>
    </ClInclude>
    <ClInclude Include="Source\Game\Base\Object\GimmickBase\GimmickBase.h">
      <Filter>ヘッダー ファイル\Game\Bace\ObjectBase\GimmickBase</Filter>
    </ClInclude>
    <ClInclude Include="Source\Game\Object\Gimmick\BarrierActivator\BarrierActivator.h">
      <Filter>ヘッダー ファイル\Game\Object\Gimmick</Filter>
    </ClInclude>
    <ClInclude Include="Source\Game\Manager\Gimmick\GimmickManager.h">
      <Filter>ヘッダー ファイル\Game\Manager\GimmickManager</Filter>
    </ClInclude>
    <ClInclude Include="Source\Game\Base\Object2D\StatusDraw\StatusDrawBase.h">
      <Filter>ヘッダー ファイル\Game\Bace\Object2DBase\StatusDrawBase</Filter>
    </ClInclude>
    <ClInclude Include="Source\Game\UI\SkillPoints\SkillPoints.h">
      <Filter>ヘッダー ファイル\Game\UI\SkillPoints</Filter>
    </ClInclude>
    <ClInclude Include="Source\Game\UI\Stamina\Stamina.h">
      <Filter>ヘッダー ファイル\Game\UI\Stamina</Filter>
    </ClInclude>
    <ClInclude Include="Source\Game\Manager\StatusDrawManager\StatusDrawManager.h">
      <Filter>ヘッダー ファイル\Game\Manager\StatusDrawManager</Filter>
    </ClInclude>
  </ItemGroup>
</Project>