<?xml version="1.0" encoding="utf-8"?>
<Project ToolsVersion="4.0" xmlns="http://schemas.microsoft.com/developer/msbuild/2003">
  <ItemGroup>
    <Filter Include="ソース ファイル">
      <UniqueIdentifier>{4FC737F1-C7A5-4376-A066-2A32D752A2FF}</UniqueIdentifier>
      <Extensions>cpp;c;cc;cxx;c++;cppm;ixx;def;odl;idl;hpj;bat;asm;asmx</Extensions>
    </Filter>
    <Filter Include="ヘッダー ファイル">
      <UniqueIdentifier>{93995380-89BD-4b04-88EB-625FBE52EBFB}</UniqueIdentifier>
      <Extensions>h;hh;hpp;hxx;h++;hm;inl;inc;ipp;xsd</Extensions>
    </Filter>
    <Filter Include="ヘッダー ファイル\Lib">
      <UniqueIdentifier>{3b102669-3262-49d1-a102-68feea9ff7ed}</UniqueIdentifier>
    </Filter>
    <Filter Include="ソース ファイル\Lib">
      <UniqueIdentifier>{e9759d3f-5fa8-469b-bdcd-7672529003fd}</UniqueIdentifier>
    </Filter>
    <Filter Include="ソース ファイル\Game">
      <UniqueIdentifier>{4849cab3-de74-4abb-a758-432acb50c7a2}</UniqueIdentifier>
    </Filter>
    <Filter Include="ヘッダー ファイル\Game">
      <UniqueIdentifier>{95872451-33c5-4932-8afd-538a3fc4386b}</UniqueIdentifier>
    </Filter>
    <Filter Include="ソース ファイル\Game\Camera">
      <UniqueIdentifier>{bfbfdd83-f84f-42f2-b3bb-8d5c0b38def1}</UniqueIdentifier>
    </Filter>
    <Filter Include="ソース ファイル\Game\HitCheck">
      <UniqueIdentifier>{0aaca33e-3ae1-4bb8-b10f-bef72441554f}</UniqueIdentifier>
    </Filter>
    <Filter Include="ソース ファイル\Game\Manager">
      <UniqueIdentifier>{de367e76-7648-4edd-9122-b21117120f46}</UniqueIdentifier>
    </Filter>
    <Filter Include="ソース ファイル\Game\Result">
      <UniqueIdentifier>{07a159c6-e2c8-4ab4-bb19-b6117377af06}</UniqueIdentifier>
    </Filter>
    <Filter Include="ソース ファイル\Game\Scene">
      <UniqueIdentifier>{cd97dfbc-3a95-4418-828d-e31fd5d129b9}</UniqueIdentifier>
    </Filter>
    <Filter Include="ソース ファイル\Game\Sound">
      <UniqueIdentifier>{809bfc63-b815-41e8-9ad8-6c399c3f0856}</UniqueIdentifier>
    </Filter>
    <Filter Include="ソース ファイル\Game\Title">
      <UniqueIdentifier>{360da3a1-a118-4a5d-920f-1781c18e5dfe}</UniqueIdentifier>
    </Filter>
    <Filter Include="ヘッダー ファイル\Game\Bace">
      <UniqueIdentifier>{fa6955cf-6ee4-4737-a617-d9e6adbf7c86}</UniqueIdentifier>
    </Filter>
    <Filter Include="ヘッダー ファイル\Game\Camera">
      <UniqueIdentifier>{eba1d657-eb31-421f-890d-333b1c7d2ac6}</UniqueIdentifier>
    </Filter>
    <Filter Include="ヘッダー ファイル\Game\HitCheck">
      <UniqueIdentifier>{f609831e-7fe8-4d7c-bb5a-44e9e171dff5}</UniqueIdentifier>
    </Filter>
    <Filter Include="ヘッダー ファイル\Game\Manager">
      <UniqueIdentifier>{c08fd21f-399e-472c-b7be-db095f22f98b}</UniqueIdentifier>
    </Filter>
    <Filter Include="ヘッダー ファイル\Game\Result">
      <UniqueIdentifier>{62f39a25-fd67-4f1f-8258-713e409b79c9}</UniqueIdentifier>
    </Filter>
    <Filter Include="ヘッダー ファイル\Game\Scene">
      <UniqueIdentifier>{bef0580d-ed01-4851-aa6d-52d31bad6a81}</UniqueIdentifier>
    </Filter>
    <Filter Include="ヘッダー ファイル\Game\Sound">
      <UniqueIdentifier>{18843195-dcce-4ac7-b725-79f09266e4ac}</UniqueIdentifier>
    </Filter>
    <Filter Include="ヘッダー ファイル\Game\Title">
      <UniqueIdentifier>{4b5307ab-792d-454f-8b85-1a77280440ea}</UniqueIdentifier>
    </Filter>
    <Filter Include="ソース ファイル\Game\Base">
      <UniqueIdentifier>{88c29b55-a520-4254-9dc8-e4dc3399d6f2}</UniqueIdentifier>
    </Filter>
    <Filter Include="ソース ファイル\Effekseer">
      <UniqueIdentifier>{d7bd042a-b137-4551-80e9-677bfc3afb41}</UniqueIdentifier>
    </Filter>
    <Filter Include="ヘッダー ファイル\Effekseer">
      <UniqueIdentifier>{8961861d-57c6-425e-8042-3a5d1edf3de7}</UniqueIdentifier>
    </Filter>
    <Filter Include="ヘッダー ファイル\Game\Select">
      <UniqueIdentifier>{3d62e858-3ad2-4401-838b-d04dfeb01b27}</UniqueIdentifier>
    </Filter>
    <Filter Include="ソース ファイル\Game\Select">
      <UniqueIdentifier>{0848ef2d-4771-472f-83eb-e43be9ebcd2a}</UniqueIdentifier>
    </Filter>
    <Filter Include="ソース ファイル\Game\Item">
      <UniqueIdentifier>{2f7f4b68-a8da-464d-ac7e-80d18739f41e}</UniqueIdentifier>
    </Filter>
    <Filter Include="ヘッダー ファイル\Game\Item">
      <UniqueIdentifier>{639d25d8-244b-44ee-808c-8bd2ab5f0893}</UniqueIdentifier>
    </Filter>
    <Filter Include="ソース ファイル\Game\Base\UIBase">
      <UniqueIdentifier>{22d206d7-81a7-4369-b60f-08811429f9b4}</UniqueIdentifier>
    </Filter>
    <Filter Include="ヘッダー ファイル\Game\Bace\UIBase">
      <UniqueIdentifier>{0222d89c-7c33-43b3-8214-b9bff5ba615e}</UniqueIdentifier>
    </Filter>
    <Filter Include="ソース ファイル\Game\PlayerStatusUI">
      <UniqueIdentifier>{b321606c-b5ce-4e39-84f1-e903ff12ed62}</UniqueIdentifier>
    </Filter>
    <Filter Include="ヘッダー ファイル\Game\PlayerStatusUI">
      <UniqueIdentifier>{94c291cd-02e4-449c-8ef1-10a379133684}</UniqueIdentifier>
    </Filter>
    <Filter Include="ソース ファイル\Game\UI">
      <UniqueIdentifier>{69924c26-d9d8-43c3-9a72-74d0a5c5654f}</UniqueIdentifier>
    </Filter>
    <Filter Include="ヘッダー ファイル\Game\UI">
      <UniqueIdentifier>{98925fac-4152-48d2-b820-ec84837b4b4f}</UniqueIdentifier>
    </Filter>
    <Filter Include="ソース ファイル\Game\Base\ObjectBase">
      <UniqueIdentifier>{2e465ab9-8ea5-4b19-ad60-0384c68282ad}</UniqueIdentifier>
    </Filter>
    <Filter Include="ヘッダー ファイル\Game\Bace\ObjectBase">
      <UniqueIdentifier>{156e94f6-2e5a-4a38-bf09-5944187101c0}</UniqueIdentifier>
    </Filter>
    <Filter Include="ソース ファイル\Game\Base\ObjectBase\ActorBase">
      <UniqueIdentifier>{c5717c13-38d2-4a18-bbfa-e937f5ebdfff}</UniqueIdentifier>
    </Filter>
    <Filter Include="ヘッダー ファイル\Game\Bace\ObjectBase\ActorBase">
      <UniqueIdentifier>{d237811b-947f-4a33-8f21-a3a44cb3d498}</UniqueIdentifier>
    </Filter>
    <Filter Include="ヘッダー ファイル\Game\Bace\ObjectBase\ActorBase\CharacterBase">
      <UniqueIdentifier>{33d31416-f7b4-4337-95d9-245681576184}</UniqueIdentifier>
    </Filter>
    <Filter Include="ソース ファイル\Game\Base\ObjectBase\ActorBase\CharacterBase">
      <UniqueIdentifier>{a4ad2b9d-ecc9-4810-bc39-0d8cb5f84ae9}</UniqueIdentifier>
    </Filter>
    <Filter Include="ソース ファイル\Game\Object">
      <UniqueIdentifier>{3edcc5e3-2165-40e3-8b2a-a5adcfc7b619}</UniqueIdentifier>
    </Filter>
    <Filter Include="ソース ファイル\Game\Object\Actor">
      <UniqueIdentifier>{34fd46c2-ca0c-44f1-8ec9-6ee23262172d}</UniqueIdentifier>
    </Filter>
    <Filter Include="ソース ファイル\Game\Object\Actor\Character">
      <UniqueIdentifier>{482bf424-5bf6-4a86-b65c-2c6debb64af8}</UniqueIdentifier>
    </Filter>
    <Filter Include="ソース ファイル\Game\Object\Actor\Character\Enemy">
      <UniqueIdentifier>{41260c21-43e8-43ee-a06f-89f81ea12a8f}</UniqueIdentifier>
    </Filter>
    <Filter Include="ヘッダー ファイル\Game\Object">
      <UniqueIdentifier>{e1e8d808-eff2-4999-94e2-3070c4df8cd5}</UniqueIdentifier>
    </Filter>
    <Filter Include="ヘッダー ファイル\Game\Object\Actor">
      <UniqueIdentifier>{bab35602-5f90-435b-92bc-af402e787231}</UniqueIdentifier>
    </Filter>
    <Filter Include="ヘッダー ファイル\Game\Object\Actor\Character">
      <UniqueIdentifier>{074400ca-ef3d-417a-ae36-ef1001311c27}</UniqueIdentifier>
    </Filter>
    <Filter Include="ヘッダー ファイル\Game\Object\Actor\Character\Enemy">
      <UniqueIdentifier>{2563cef2-c339-442e-b3ea-de0daa753818}</UniqueIdentifier>
    </Filter>
    <Filter Include="ソース ファイル\Game\Base\ObjectBase\ActorBase\CharacterBase\EnemyBase">
      <UniqueIdentifier>{cd514c39-16d2-4951-9bf8-6f444a7bedd2}</UniqueIdentifier>
    </Filter>
    <Filter Include="ソース ファイル\Game\Base\UIBase\PlayerStatusUIBase">
      <UniqueIdentifier>{0632c335-22fa-42a3-92ab-5b3620db6cd0}</UniqueIdentifier>
    </Filter>
    <Filter Include="ソース ファイル\Game\Base\ItemBase">
      <UniqueIdentifier>{90996708-c25f-49f3-bba4-9651fcfcff11}</UniqueIdentifier>
    </Filter>
    <Filter Include="ソース ファイル\Game\Base\SceneBase">
      <UniqueIdentifier>{06f91ff4-b509-4667-9a46-55a86817cdfd}</UniqueIdentifier>
    </Filter>
    <Filter Include="ソース ファイル\Game\Item\HPItem">
      <UniqueIdentifier>{e1424067-b51b-4707-8bce-25b8e7133f4f}</UniqueIdentifier>
    </Filter>
    <Filter Include="ソース ファイル\Game\Item\StaminaItem">
      <UniqueIdentifier>{a1344b35-dbe8-459a-89c0-30d2a973d63e}</UniqueIdentifier>
    </Filter>
    <Filter Include="ソース ファイル\Game\Manager\CameraManager">
      <UniqueIdentifier>{4873c271-cfe0-465e-bf88-4f7f5957c52f}</UniqueIdentifier>
    </Filter>
    <Filter Include="ソース ファイル\Game\Manager\ItemManager">
      <UniqueIdentifier>{6fa154a1-01d0-477b-9a39-6e8e09de8b28}</UniqueIdentifier>
    </Filter>
    <Filter Include="ソース ファイル\Game\Manager\SceneManager">
      <UniqueIdentifier>{2677a52f-b054-4e17-8697-fc8cd4ca2eb7}</UniqueIdentifier>
    </Filter>
    <Filter Include="ソース ファイル\Game\Object\Sky">
      <UniqueIdentifier>{b50963ee-3805-4a55-832d-f4ce43f9a833}</UniqueIdentifier>
    </Filter>
    <Filter Include="ソース ファイル\Game\Object\BossArea">
      <UniqueIdentifier>{c8a606fb-e8bb-45bb-b8f1-e7b0ad739657}</UniqueIdentifier>
    </Filter>
    <Filter Include="ソース ファイル\Game\Object\Actor\Character\Player">
      <UniqueIdentifier>{3578da23-2f79-4b9e-8c2c-eab42ef18fde}</UniqueIdentifier>
    </Filter>
    <Filter Include="ソース ファイル\Game\Object\Actor\Character\Enemy\Boss">
      <UniqueIdentifier>{051aeba9-c608-40f1-a137-31a7ba043894}</UniqueIdentifier>
    </Filter>
    <Filter Include="ソース ファイル\Game\PlayerStatusUI\HitPoints">
      <UniqueIdentifier>{13d8248b-2b0e-4f7b-b249-daaf6ce26753}</UniqueIdentifier>
    </Filter>
    <Filter Include="ソース ファイル\Game\PlayerStatusUI\SkillPoints">
      <UniqueIdentifier>{20206553-afea-45bb-9e82-7f4a30c85e20}</UniqueIdentifier>
    </Filter>
    <Filter Include="ソース ファイル\Game\PlayerStatusUI\Stamina">
      <UniqueIdentifier>{f81308a9-a538-4a5d-88d0-66c194c5ba6c}</UniqueIdentifier>
    </Filter>
    <Filter Include="ソース ファイル\Game\Result\Result">
      <UniqueIdentifier>{1225f4cf-ac73-4e42-a475-c5e394bc7992}</UniqueIdentifier>
    </Filter>
    <Filter Include="ソース ファイル\Game\Result\ResultNum">
      <UniqueIdentifier>{5f541856-bd56-4197-8103-5ba7bbb51f54}</UniqueIdentifier>
    </Filter>
    <Filter Include="ソース ファイル\Game\Scene\ResultScene">
      <UniqueIdentifier>{a0d57502-c798-418f-bf7d-eb1bf50db283}</UniqueIdentifier>
    </Filter>
    <Filter Include="ソース ファイル\Game\Scene\SelectScene">
      <UniqueIdentifier>{92962350-27e1-4f80-b46c-461d154a108a}</UniqueIdentifier>
    </Filter>
    <Filter Include="ソース ファイル\Game\Scene\TitleScene">
      <UniqueIdentifier>{330096bb-2b26-4006-8cc8-6e7a6716cfd4}</UniqueIdentifier>
    </Filter>
    <Filter Include="ソース ファイル\Game\UI\Target">
      <UniqueIdentifier>{2f790b81-5ccf-4e83-9c3d-81c1f59f7d3c}</UniqueIdentifier>
    </Filter>
    <Filter Include="ソース ファイル\Game\UI\UIFrame">
      <UniqueIdentifier>{1c451909-c6c5-41d5-b7f7-1be0aa2bfecb}</UniqueIdentifier>
    </Filter>
    <Filter Include="ヘッダー ファイル\Game\Bace\ObjectBase\ActorBase\CharacterBase\EnemyBase">
      <UniqueIdentifier>{148fbc58-843b-4a40-b480-3ab2e34a5abf}</UniqueIdentifier>
    </Filter>
    <Filter Include="ヘッダー ファイル\Game\Bace\ItemBase">
      <UniqueIdentifier>{1197ab85-0aea-4d72-9735-bee0b95b8b7f}</UniqueIdentifier>
    </Filter>
    <Filter Include="ヘッダー ファイル\Game\Bace\UIBase\PlayerStatusUIBase">
      <UniqueIdentifier>{60c75f93-e497-4c87-bd7d-d8db10a59611}</UniqueIdentifier>
    </Filter>
    <Filter Include="ヘッダー ファイル\Game\Bace\SceneBase">
      <UniqueIdentifier>{89a2546e-8ddb-4873-bab9-4b3523fdfe37}</UniqueIdentifier>
    </Filter>
    <Filter Include="ヘッダー ファイル\Game\Item\HPItem">
      <UniqueIdentifier>{716edf0b-d0db-4e41-9874-fcbd8192f37f}</UniqueIdentifier>
    </Filter>
    <Filter Include="ヘッダー ファイル\Game\Item\StaminaItem">
      <UniqueIdentifier>{4fa090e6-1e00-4379-ac4c-c8d863633035}</UniqueIdentifier>
    </Filter>
    <Filter Include="ヘッダー ファイル\Game\Manager\CameraManager">
      <UniqueIdentifier>{a3c73600-cf22-4d2b-8d80-4e9d95e0ed6c}</UniqueIdentifier>
    </Filter>
    <Filter Include="ヘッダー ファイル\Game\Manager\ItemManager">
      <UniqueIdentifier>{2dc7fda2-c738-400c-91eb-d6d311769ce9}</UniqueIdentifier>
    </Filter>
    <Filter Include="ヘッダー ファイル\Game\Manager\SceneManager">
      <UniqueIdentifier>{374df105-31b3-423b-81c9-05d96f0f20c8}</UniqueIdentifier>
    </Filter>
    <Filter Include="ヘッダー ファイル\Game\Object\Actor\Character\Enemy\Boss">
      <UniqueIdentifier>{c58431e4-e6ce-4865-8dbf-c92a46df3ad9}</UniqueIdentifier>
    </Filter>
    <Filter Include="ヘッダー ファイル\Game\Object\Actor\Character\Player">
      <UniqueIdentifier>{b8299d39-f063-4a7c-99b7-0b83c6b5a02d}</UniqueIdentifier>
    </Filter>
    <Filter Include="ヘッダー ファイル\Game\Object\BossArea">
      <UniqueIdentifier>{03a95856-6421-4df1-ab57-8b650f4ef3a0}</UniqueIdentifier>
    </Filter>
    <Filter Include="ヘッダー ファイル\Game\Object\Sky">
      <UniqueIdentifier>{cbcfe912-a9a8-4ba9-8914-d031d027cd5d}</UniqueIdentifier>
    </Filter>
    <Filter Include="ヘッダー ファイル\Game\PlayerStatusUI\HitPoints">
      <UniqueIdentifier>{f384e6b6-847f-40d2-981b-8cb368c7eda3}</UniqueIdentifier>
    </Filter>
    <Filter Include="ヘッダー ファイル\Game\PlayerStatusUI\SkillPoints">
      <UniqueIdentifier>{e204247b-583f-4277-b01f-f5b4a7060e4b}</UniqueIdentifier>
    </Filter>
    <Filter Include="ヘッダー ファイル\Game\PlayerStatusUI\Stamina">
      <UniqueIdentifier>{8584b80f-f609-4f68-b05f-b9100fe7b9c8}</UniqueIdentifier>
    </Filter>
    <Filter Include="ヘッダー ファイル\Game\Result\Result">
      <UniqueIdentifier>{2b083088-2659-4213-8f9c-57b27cd732e2}</UniqueIdentifier>
    </Filter>
    <Filter Include="ヘッダー ファイル\Game\Result\ResultNum">
      <UniqueIdentifier>{013c4683-1a13-44d8-9201-39a352fd74e7}</UniqueIdentifier>
    </Filter>
    <Filter Include="ヘッダー ファイル\Game\Scene\ResultScene">
      <UniqueIdentifier>{c2f8a092-2f84-4ff4-a77f-26cadfc76c49}</UniqueIdentifier>
    </Filter>
    <Filter Include="ヘッダー ファイル\Game\Scene\SelectScene">
      <UniqueIdentifier>{d6396c7a-97de-4daf-9e73-d7656f3d5aa4}</UniqueIdentifier>
    </Filter>
    <Filter Include="ヘッダー ファイル\Game\Scene\TitleScene">
      <UniqueIdentifier>{1f6fa5a4-5678-455f-a225-566e9c08891e}</UniqueIdentifier>
    </Filter>
    <Filter Include="ヘッダー ファイル\Game\UI\Target">
      <UniqueIdentifier>{26b3217e-b866-4f02-b99e-87369ab1c37e}</UniqueIdentifier>
    </Filter>
    <Filter Include="ヘッダー ファイル\Game\UI\UIFrame">
      <UniqueIdentifier>{0e3a04cb-a00f-457f-86ab-b54257e8a661}</UniqueIdentifier>
    </Filter>
    <Filter Include="ヘッダー ファイル\Game\Scene\BossScene">
      <UniqueIdentifier>{d5022ea7-909c-4c92-af01-ca5fcff0bb03}</UniqueIdentifier>
    </Filter>
    <Filter Include="ソース ファイル\Game\Scene\BossScene">
      <UniqueIdentifier>{c2bbe998-763d-497a-8607-bd6b79663df6}</UniqueIdentifier>
    </Filter>
    <Filter Include="ヘッダー ファイル\Game\Scene\StageScene">
      <UniqueIdentifier>{b1ee5516-0380-4a43-8385-ac16ddd6862e}</UniqueIdentifier>
    </Filter>
    <Filter Include="ソース ファイル\Game\Scene\StageScene">
      <UniqueIdentifier>{2c897c28-7ac1-4b3f-bfa6-af7aaf3911ea}</UniqueIdentifier>
    </Filter>
    <Filter Include="ソース ファイル\Game\Object\Platform">
      <UniqueIdentifier>{68368f95-744f-45e2-bb54-5378f9e72b2c}</UniqueIdentifier>
    </Filter>
    <Filter Include="ソース ファイル\Game\Object\Platform\NormalPlatform">
      <UniqueIdentifier>{9b093a72-8bb5-4367-9815-559265186bb9}</UniqueIdentifier>
    </Filter>
    <Filter Include="ソース ファイル\Game\Object\Platform\MovingPlatform">
      <UniqueIdentifier>{ae379be5-88b4-47b5-a5c1-e3922850b02b}</UniqueIdentifier>
    </Filter>
    <Filter Include="ソース ファイル\Game\Object\Platform\JumpPlatform">
      <UniqueIdentifier>{fee22d41-ba9b-4720-8981-5d5d0bae6ac6}</UniqueIdentifier>
    </Filter>
    <Filter Include="ソース ファイル\Game\Object\Platform\FallingPlatform">
      <UniqueIdentifier>{76bedb8b-dd8e-43c0-8a92-3dd75c2cff25}</UniqueIdentifier>
    </Filter>
    <Filter Include="ソース ファイル\Game\Object\Platform\BattlePlatform">
      <UniqueIdentifier>{da221940-038e-475c-8f1f-e234ba1133b6}</UniqueIdentifier>
    </Filter>
    <Filter Include="ヘッダー ファイル\Game\Manager\PlatformManager">
      <UniqueIdentifier>{ad11f2a8-fe17-467f-926e-4a74a7347284}</UniqueIdentifier>
    </Filter>
    <Filter Include="ソース ファイル\Game\Manager\PlatformManager">
      <UniqueIdentifier>{c150b69f-c010-4925-90c8-549f5bf8c2ae}</UniqueIdentifier>
    </Filter>
    <Filter Include="ソース ファイル\Game\Base\ObjectBase\Platform">
      <UniqueIdentifier>{7f4e4860-a5f9-4747-a5e1-379b9d75e109}</UniqueIdentifier>
    </Filter>
    <Filter Include="ヘッダー ファイル\Game\Bace\ObjectBase\PlatformBase">
      <UniqueIdentifier>{9118e909-c031-46c8-9679-c71b96ec8b57}</UniqueIdentifier>
    </Filter>
    <Filter Include="ヘッダー ファイル\Game\Object\Platform">
      <UniqueIdentifier>{d0335ff2-c665-4259-9e56-c69826925508}</UniqueIdentifier>
    </Filter>
    <Filter Include="ヘッダー ファイル\Game\Object\Platform\BattlePlatform">
      <UniqueIdentifier>{6ad298b3-27e1-44d9-b50b-4d5480058f15}</UniqueIdentifier>
    </Filter>
    <Filter Include="ヘッダー ファイル\Game\Object\Platform\FallingPlatform">
      <UniqueIdentifier>{86da3dd2-0813-4058-8601-d1307aaeba8b}</UniqueIdentifier>
    </Filter>
    <Filter Include="ヘッダー ファイル\Game\Object\Platform\JumpPlatform">
      <UniqueIdentifier>{fe5e43ea-5bda-4a20-9424-957e4aa1f01b}</UniqueIdentifier>
    </Filter>
    <Filter Include="ヘッダー ファイル\Game\Object\Platform\MovingPlatform">
      <UniqueIdentifier>{8dd4be55-d769-46b2-9318-7aab7f48d543}</UniqueIdentifier>
    </Filter>
    <Filter Include="ヘッダー ファイル\Game\Object\Platform\NormalPlatform">
      <UniqueIdentifier>{352e5da4-4eb5-44e0-b9e7-f8e422d676d2}</UniqueIdentifier>
    </Filter>
  </ItemGroup>
  <ItemGroup>
    <ClCompile Include="Source\Lib\Collision\Collision.cpp">
      <Filter>ソース ファイル\Lib</Filter>
    </ClCompile>
    <ClCompile Include="Source\Lib\Debug\DebugFPS.cpp">
      <Filter>ソース ファイル\Lib</Filter>
    </ClCompile>
    <ClCompile Include="Source\Lib\Fade\Fade.cpp">
      <Filter>ソース ファイル\Lib</Filter>
    </ClCompile>
    <ClCompile Include="Source\Lib\Input\InputKey.cpp">
      <Filter>ソース ファイル\Lib</Filter>
    </ClCompile>
    <ClCompile Include="Source\Lib\Math\MyMath.cpp">
      <Filter>ソース ファイル\Lib</Filter>
    </ClCompile>
    <ClCompile Include="Source\Lib\Input\InputPad.cpp">
      <Filter>ソース ファイル\Lib</Filter>
    </ClCompile>
    <ClCompile Include="Source\Main.cpp">
      <Filter>ソース ファイル</Filter>
    </ClCompile>
    <ClCompile Include="Source\Game\Camera\Play\PlayCamera.cpp">
      <Filter>ソース ファイル\Game\Camera</Filter>
    </ClCompile>
    <ClCompile Include="Source\Effekseer\effekseer.cpp">
      <Filter>ソース ファイル\Effekseer</Filter>
    </ClCompile>
    <ClCompile Include="Source\Game\Sound\SoundManager.cpp">
      <Filter>ソース ファイル\Game\Sound</Filter>
    </ClCompile>
    <ClCompile Include="Source\Lib\DxLibFont\DxLibFont.cpp">
      <Filter>ソース ファイル\Lib</Filter>
    </ClCompile>
    <ClCompile Include="Source\Lib\LoadMaterial\LoadMaterial.cpp">
      <Filter>ソース ファイル\Lib</Filter>
    </ClCompile>
    <ClCompile Include="Source\Game\Title\Title.cpp">
      <Filter>ソース ファイル\Game\Title</Filter>
    </ClCompile>
    <ClCompile Include="Source\Effekseer\MyEffeckseer.cpp">
      <Filter>ソース ファイル\Effekseer</Filter>
    </ClCompile>
    <ClCompile Include="Source\Game\Base\Object\ObjectBase.cpp">
      <Filter>ソース ファイル\Game\Base\ObjectBase</Filter>
    </ClCompile>
    <ClCompile Include="Source\Game\Base\Object\ActorBase\ActorBase.cpp">
      <Filter>ソース ファイル\Game\Base\ObjectBase\ActorBase</Filter>
    </ClCompile>
    <ClCompile Include="Source\Game\Base\Object\ActorBase\Character\CharacterBase.cpp">
      <Filter>ソース ファイル\Game\Base\ObjectBase\ActorBase\CharacterBase</Filter>
    </ClCompile>
    <ClCompile Include="Source\Game\Base\Object\ActorBase\Character\EnemyBase\EnemyBase.cpp">
      <Filter>ソース ファイル\Game\Base\ObjectBase\ActorBase\CharacterBase\EnemyBase</Filter>
    </ClCompile>
    <ClCompile Include="Source\Game\Base\UIBase\UIBase.cpp">
      <Filter>ソース ファイル\Game\Base\UIBase</Filter>
    </ClCompile>
    <ClCompile Include="Source\Game\Base\UIBase\PlayerStatusUIBase\PlayerStatusUIBase.cpp">
      <Filter>ソース ファイル\Game\Base\UIBase\PlayerStatusUIBase</Filter>
    </ClCompile>
    <ClCompile Include="Source\Game\Base\Item\ItemBase.cpp">
      <Filter>ソース ファイル\Game\Base\ItemBase</Filter>
    </ClCompile>
    <ClCompile Include="Source\Game\Base\Scene\SceneBase.cpp">
      <Filter>ソース ファイル\Game\Base\SceneBase</Filter>
    </ClCompile>
    <ClCompile Include="Source\Game\Item\HP\HPItem.cpp">
      <Filter>ソース ファイル\Game\Item\HPItem</Filter>
    </ClCompile>
    <ClCompile Include="Source\Game\Item\Stamina\StaminaItem.cpp">
      <Filter>ソース ファイル\Game\Item\StaminaItem</Filter>
    </ClCompile>
    <ClCompile Include="Source\Game\Manager\Camera\CameraManager.cpp">
      <Filter>ソース ファイル\Game\Manager\CameraManager</Filter>
    </ClCompile>
    <ClCompile Include="Source\Game\Manager\Item\ItemManager.cpp">
      <Filter>ソース ファイル\Game\Manager\ItemManager</Filter>
    </ClCompile>
    <ClCompile Include="Source\Game\Manager\Scene\SceneManager.cpp">
      <Filter>ソース ファイル\Game\Manager\SceneManager</Filter>
    </ClCompile>
    <ClCompile Include="Source\Game\Object\Sky\Sky.cpp">
      <Filter>ソース ファイル\Game\Object\Sky</Filter>
    </ClCompile>
    <ClCompile Include="Source\Game\Object\BossArea\BossArea.cpp">
      <Filter>ソース ファイル\Game\Object\BossArea</Filter>
    </ClCompile>
    <ClCompile Include="Source\Game\Object\Actor\Character\Player\Player.cpp">
      <Filter>ソース ファイル\Game\Object\Actor\Character\Player</Filter>
    </ClCompile>
    <ClCompile Include="Source\Game\Object\Actor\Character\Enemy\Boss\Boss.cpp">
      <Filter>ソース ファイル\Game\Object\Actor\Character\Enemy\Boss</Filter>
    </ClCompile>
    <ClCompile Include="Source\Game\PlayerStatusUI\HitPoints\HitPoints.cpp">
      <Filter>ソース ファイル\Game\PlayerStatusUI\HitPoints</Filter>
    </ClCompile>
    <ClCompile Include="Source\Game\PlayerStatusUI\SkillPoints\SkillPoints.cpp">
      <Filter>ソース ファイル\Game\PlayerStatusUI\SkillPoints</Filter>
    </ClCompile>
    <ClCompile Include="Source\Game\PlayerStatusUI\Stamina\Stamina.cpp">
      <Filter>ソース ファイル\Game\PlayerStatusUI\Stamina</Filter>
    </ClCompile>
    <ClCompile Include="Source\Game\Result\Result.cpp">
      <Filter>ソース ファイル\Game\Result\Result</Filter>
    </ClCompile>
    <ClCompile Include="Source\Game\Result\ResultNum.cpp">
      <Filter>ソース ファイル\Game\Result\ResultNum</Filter>
    </ClCompile>
    <ClCompile Include="Source\Game\Scene\Result\ResultScene.cpp">
      <Filter>ソース ファイル\Game\Scene\ResultScene</Filter>
    </ClCompile>
    <ClCompile Include="Source\Game\Scene\Select\SelectScene.cpp">
      <Filter>ソース ファイル\Game\Scene\SelectScene</Filter>
    </ClCompile>
    <ClCompile Include="Source\Game\Scene\Title\TitleScene.cpp">
      <Filter>ソース ファイル\Game\Scene\TitleScene</Filter>
    </ClCompile>
    <ClCompile Include="Source\Game\UI\Target\Target.cpp">
      <Filter>ソース ファイル\Game\UI\Target</Filter>
    </ClCompile>
    <ClCompile Include="Source\Game\UI\UIFrame\UIFrame.cpp">
      <Filter>ソース ファイル\Game\UI\UIFrame</Filter>
    </ClCompile>
    <ClCompile Include="Source\Game\HitCheck\HitCheck.cpp">
      <Filter>ソース ファイル\Game\HitCheck</Filter>
    </ClCompile>
    <ClCompile Include="Source\Game\Scene\Boss\BossScene.cpp">
      <Filter>ソース ファイル\Game\Scene\BossScene</Filter>
    </ClCompile>
    <ClCompile Include="Source\Game\Scene\Stage\StageScene.cpp">
      <Filter>ソース ファイル\Game\Scene\StageScene</Filter>
    </ClCompile>
    <ClCompile Include="Source\Game\Manager\Platform\PlatformManager.cpp">
      <Filter>ソース ファイル\Game\Manager\PlatformManager</Filter>
    </ClCompile>
    <ClCompile Include="Source\Game\Base\Object\PlatformBase\PlatformBase.cpp">
      <Filter>ソース ファイル\Game\Base\ObjectBase\Platform</Filter>
    </ClCompile>
    <ClCompile Include="Source\Game\Object\Platform\BattlePlatform\BattlePlatform.cpp">
      <Filter>ソース ファイル\Game\Object\Platform\BattlePlatform</Filter>
    </ClCompile>
    <ClCompile Include="Source\Game\Object\Platform\FallingPlatform\FallingPlatform.cpp">
      <Filter>ソース ファイル\Game\Object\Platform\FallingPlatform</Filter>
    </ClCompile>
    <ClCompile Include="Source\Game\Object\Platform\JumpPlatform\JumpPlatform.cpp">
      <Filter>ソース ファイル\Game\Object\Platform\JumpPlatform</Filter>
    </ClCompile>
    <ClCompile Include="Source\Game\Object\Platform\MovingPlatform\MovingPlatform.cpp">
      <Filter>ソース ファイル\Game\Object\Platform\MovingPlatform</Filter>
    </ClCompile>
    <ClCompile Include="Source\Game\Object\Platform\NormalPlatform\NormalPlatform.cpp">
      <Filter>ソース ファイル\Game\Object\Platform\NormalPlatform</Filter>
    </ClCompile>
  </ItemGroup>
  <ItemGroup>
    <ClInclude Include="Source\Comon.h">
      <Filter>ヘッダー ファイル</Filter>
    </ClInclude>
    <ClInclude Include="Source\Lib\Collision\Collision.h">
      <Filter>ヘッダー ファイル\Lib</Filter>
    </ClInclude>
    <ClInclude Include="Source\Lib\Debug\DebugFPS.h">
      <Filter>ヘッダー ファイル\Lib</Filter>
    </ClInclude>
    <ClInclude Include="Source\Lib\Fade\Fade.h">
      <Filter>ヘッダー ファイル\Lib</Filter>
    </ClInclude>
    <ClInclude Include="Source\Lib\Input\InputKey.h">
      <Filter>ヘッダー ファイル\Lib</Filter>
    </ClInclude>
    <ClInclude Include="Source\Lib\Math\MyMath.h">
      <Filter>ヘッダー ファイル\Lib</Filter>
    </ClInclude>
    <ClInclude Include="Source\Lib\Input\InputPad.h">
      <Filter>ヘッダー ファイル\Lib</Filter>
    </ClInclude>
    <ClInclude Include="Source\Game\Camera\Play\PlayCamera.h">
      <Filter>ヘッダー ファイル\Game\Camera</Filter>
    </ClInclude>
    <ClInclude Include="Source\Game\Sound\SoundManager.h">
      <Filter>ヘッダー ファイル\Game\Sound</Filter>
    </ClInclude>
    <ClInclude Include="Source\Effekseer\effekseer.h">
      <Filter>ヘッダー ファイル\Effekseer</Filter>
    </ClInclude>
    <ClInclude Include="Source\Lib\DxLibFont\DxLibFont.h">
      <Filter>ヘッダー ファイル\Lib</Filter>
    </ClInclude>
    <ClInclude Include="Source\Lib\LoadMaterial\LoadMaterial.h">
      <Filter>ヘッダー ファイル\Lib</Filter>
    </ClInclude>
    <ClInclude Include="Source\Game\Title\Title.h">
      <Filter>ヘッダー ファイル\Game\Title</Filter>
    </ClInclude>
    <ClInclude Include="Source\Effekseer\MyEffeckseer.h">
      <Filter>ヘッダー ファイル\Effekseer</Filter>
    </ClInclude>
    <ClInclude Include="Source\Game\Base\Object\ActorBase\Character\EnemyBase\EnemyBase.h">
      <Filter>ヘッダー ファイル\Game\Bace\ObjectBase\ActorBase\CharacterBase\EnemyBase</Filter>
    </ClInclude>
    <ClInclude Include="Source\Game\Base\Item\ItemBase.h">
      <Filter>ヘッダー ファイル\Game\Bace\ItemBase</Filter>
    </ClInclude>
    <ClInclude Include="Source\Game\Base\UIBase\PlayerStatusUIBase\PlayerStatusUIBase.h">
      <Filter>ヘッダー ファイル\Game\Bace\UIBase\PlayerStatusUIBase</Filter>
    </ClInclude>
    <ClInclude Include="Source\Game\Base\Scene\SceneBase.h">
      <Filter>ヘッダー ファイル\Game\Bace\SceneBase</Filter>
    </ClInclude>
    <ClInclude Include="Source\Game\Base\UIBase\UIBase.h">
      <Filter>ヘッダー ファイル\Game\Bace\UIBase</Filter>
    </ClInclude>
    <ClInclude Include="Source\Game\Base\Object\ObjectBase.h">
      <Filter>ヘッダー ファイル\Game\Bace\ObjectBase</Filter>
    </ClInclude>
    <ClInclude Include="Source\Game\Base\Object\ActorBase\ActorBase.h">
      <Filter>ヘッダー ファイル\Game\Bace\ObjectBase\ActorBase</Filter>
    </ClInclude>
    <ClInclude Include="Source\Game\Base\Object\ActorBase\Character\CharacterBase.h">
      <Filter>ヘッダー ファイル\Game\Bace\ObjectBase\ActorBase\CharacterBase</Filter>
    </ClInclude>
    <ClInclude Include="Source\Game\Item\HP\HPItem.h">
      <Filter>ヘッダー ファイル\Game\Item\HPItem</Filter>
    </ClInclude>
    <ClInclude Include="Source\Game\Item\Stamina\StaminaItem.h">
      <Filter>ヘッダー ファイル\Game\Item\StaminaItem</Filter>
    </ClInclude>
    <ClInclude Include="Source\Game\Manager\Camera\CameraManager.h">
      <Filter>ヘッダー ファイル\Game\Manager\CameraManager</Filter>
    </ClInclude>
    <ClInclude Include="Source\Game\Manager\Item\ItemManager.h">
      <Filter>ヘッダー ファイル\Game\Manager\ItemManager</Filter>
    </ClInclude>
    <ClInclude Include="Source\Game\Manager\Scene\SceneManager.h">
      <Filter>ヘッダー ファイル\Game\Manager\SceneManager</Filter>
    </ClInclude>
    <ClInclude Include="Source\Game\Object\Actor\Character\Enemy\Boss\Boss.h">
      <Filter>ヘッダー ファイル\Game\Object\Actor\Character\Enemy\Boss</Filter>
    </ClInclude>
    <ClInclude Include="Source\Game\Object\Actor\Character\Player\Player.h">
      <Filter>ヘッダー ファイル\Game\Object\Actor\Character\Player</Filter>
    </ClInclude>
    <ClInclude Include="Source\Game\Object\BossArea\BossArea.h">
      <Filter>ヘッダー ファイル\Game\Object\BossArea</Filter>
    </ClInclude>
    <ClInclude Include="Source\Game\Object\Sky\Sky.h">
      <Filter>ヘッダー ファイル\Game\Object\Sky</Filter>
    </ClInclude>
    <ClInclude Include="Source\Game\PlayerStatusUI\HitPoints\HitPoints.h">
      <Filter>ヘッダー ファイル\Game\PlayerStatusUI\HitPoints</Filter>
    </ClInclude>
    <ClInclude Include="Source\Game\PlayerStatusUI\SkillPoints\SkillPoints.h">
      <Filter>ヘッダー ファイル\Game\PlayerStatusUI\SkillPoints</Filter>
    </ClInclude>
    <ClInclude Include="Source\Game\PlayerStatusUI\Stamina\Stamina.h">
      <Filter>ヘッダー ファイル\Game\PlayerStatusUI\Stamina</Filter>
    </ClInclude>
    <ClInclude Include="Source\Game\Result\Result.h">
      <Filter>ヘッダー ファイル\Game\Result\Result</Filter>
    </ClInclude>
    <ClInclude Include="Source\Game\Result\ResultNum.h">
      <Filter>ヘッダー ファイル\Game\Result\ResultNum</Filter>
    </ClInclude>
    <ClInclude Include="Source\Game\Scene\Result\ResultScene.h">
      <Filter>ヘッダー ファイル\Game\Scene\ResultScene</Filter>
    </ClInclude>
    <ClInclude Include="Source\Game\Scene\Select\SelectScene.h">
      <Filter>ヘッダー ファイル\Game\Scene\SelectScene</Filter>
    </ClInclude>
    <ClInclude Include="Source\Game\Scene\Title\TitleScene.h">
      <Filter>ヘッダー ファイル\Game\Scene\TitleScene</Filter>
    </ClInclude>
    <ClInclude Include="Source\Game\UI\Target\Target.h">
      <Filter>ヘッダー ファイル\Game\UI\Target</Filter>
    </ClInclude>
    <ClInclude Include="Source\Game\UI\UIFrame\UIFrame.h">
      <Filter>ヘッダー ファイル\Game\UI\UIFrame</Filter>
    </ClInclude>
    <ClInclude Include="Source\Game\HitCheck\HitCheck.h">
      <Filter>ヘッダー ファイル\Game\HitCheck</Filter>
    </ClInclude>
    <ClInclude Include="Source\Game\Scene\Boss\BossScene.h">
      <Filter>ヘッダー ファイル\Game\Scene\BossScene</Filter>
    </ClInclude>
    <ClInclude Include="Source\Game\Scene\Stage\StageScene.h">
      <Filter>ヘッダー ファイル\Game\Scene\StageScene</Filter>
    </ClInclude>
    <ClInclude Include="Source\Game\Manager\Platform\PlatformManager.h">
      <Filter>ヘッダー ファイル\Game\Manager\PlatformManager</Filter>
    </ClInclude>
    <ClInclude Include="Source\Game\Base\Object\PlatformBase\PlatformBase.h">
      <Filter>ヘッダー ファイル\Game\Bace\ObjectBase\PlatformBase</Filter>
    </ClInclude>
    <ClInclude Include="Source\Game\Object\Platform\BattlePlatform\BattlePlatform.h">
      <Filter>ヘッダー ファイル\Game\Object\Platform\BattlePlatform</Filter>
    </ClInclude>
    <ClInclude Include="Source\Game\Object\Platform\FallingPlatform\FallingPlatform.h">
      <Filter>ヘッダー ファイル\Game\Object\Platform\FallingPlatform</Filter>
    </ClInclude>
    <ClInclude Include="Source\Game\Object\Platform\JumpPlatform\JumpPlatform.h">
      <Filter>ヘッダー ファイル\Game\Object\Platform\JumpPlatform</Filter>
    </ClInclude>
    <ClInclude Include="Source\Game\Object\Platform\MovingPlatform\MovingPlatform.h">
      <Filter>ヘッダー ファイル\Game\Object\Platform\MovingPlatform</Filter>
    </ClInclude>
    <ClInclude Include="Source\Game\Object\Platform\NormalPlatform\NormalPlatform.h">
      <Filter>ヘッダー ファイル\Game\Object\Platform\NormalPlatform</Filter>
    </ClInclude>
  </ItemGroup>
</Project>